
Microsoft Visual Studio Solution File, Format Version 12.00
# Visual Studio Version 17
VisualStudioVersion = 17.9.34622.214
MinimumVisualStudioVersion = 10.0.40219.1
Project("{FAE04EC0-301F-11D3-BF4B-00C04F79EFBC}") = "GitPractise", "GitPractise\GitPractise.csproj", "{0AD0208A-8068-4428-A7B2-D8F26A2DCEDF}"
EndProject
Global
	GlobalSection(SolutionConfigurationPlatforms) = preSolution
		Debug|Any CPU = Debug|Any CPU
		Release|Any CPU = Release|Any CPU
	EndGlobalSection
	GlobalSection(ProjectConfigurationPlatforms) = postSolution
		{0AD0208A-8068-4428-A7B2-D8F26A2DCEDF}.Debug|Any CPU.ActiveCfg = Debug|Any CPU
		{0AD0208A-8068-4428-A7B2-D8F26A2DCEDF}.Debug|Any CPU.Build.0 = Debug|Any CPU
		{0AD0208A-8068-4428-A7B2-D8F26A2DCEDF}.Release|Any CPU.ActiveCfg = Release|Any CPU
		{0AD0208A-8068-4428-A7B2-D8F26A2DCEDF}.Release|Any CPU.Build.0 = Release|Any CPU
	EndGlobalSection
	GlobalSection(SolutionProperties) = preSolution
		HideSolutionNode = FALSE
	EndGlobalSection
	GlobalSection(ExtensibilityGlobals) = postSolution
		SolutionGuid = {2F653CCB-419F-4E3D-8203-A8335CC5F65F}
	EndGlobalSection
EndGlobal
